<?xml version="1.0" encoding="UTF-8" standalone="yes" ?>
<CodeBlocks_project_file>
	<FileVersion major="1" minor="6" />
	<Project>
		<Option title="Heist" />
		<Option pch_mode="2" />
		<Option compiler="gcc" />
		<Build>
			<Target title="Debug">
				<Option output="bin/Debug/Heist" prefix_auto="1" extension_auto="1" />
				<Option working_dir="../Heist-Develop" />
				<Option object_output="obj/Debug/" />
				<Option type="0" />
				<Option compiler="gcc" />
				<Compiler>
					<Add option="-g" />
					<Add directory="../Heist-Develop" />
				</Compiler>
				<Linker>
					<Add library="sfml-graphics-d" />
					<Add library="sfml-window-d" />
					<Add library="sfml-system-d" />
				</Linker>
			</Target>
			<Target title="Release">
				<Option output="bin/Release/Heist" prefix_auto="1" extension_auto="1" />
				<Option working_dir="../Heist-Develop" />
				<Option object_output="obj/Release/" />
				<Option type="0" />
				<Option compiler="gcc" />
				<Compiler>
					<Add option="-O2" />
					<Add directory="../Heist-Develop" />
				</Compiler>
				<Linker>
					<Add library="sfml-graphics" />
					<Add library="sfml-window" />
					<Add library="sfml-system" />
				</Linker>
			</Target>
		</Build>
		<Compiler>
			<Add option="-Wall" />
			<Add directory="../SFML-2.3.1/include" />
		</Compiler>
		<Linker>
			<Add directory="../SFML-2.3.1/lib" />
		</Linker>
		<Unit filename="Entity.cpp" />
		<Unit filename="Entity.h" />
		<Unit filename="FunctionLib.cpp" />
		<Unit filename="FunctionLib.h" />
		<Unit filename="LevelEntityManager.cpp" />
		<Unit filename="LevelEntityManager.h" />
		<Unit filename="PlayerCharacter.cpp" />
		<Unit filename="PlayerCharacter.h" />
		<Unit filename="Projectile.cpp" />
		<Unit filename="Projectile.h" />
		<Unit filename="TileEngine.cpp" />
		<Unit filename="TileEngine.h" />
		<Unit filename="WeaponStats.cpp" />
		<Unit filename="WeaponStats.h" />
		<Unit filename="main.cpp" />
		<Extensions>
			<code_completion />
			<envvars />
			<debugger />
			<lib_finder disable_auto="1" />
		</Extensions>
	</Project>
</CodeBlocks_project_file>
